// !$*UTF8*$!
{
	archiveVersion = 1;
	classes = {
	};
	objectVersion = 56;
	objects = {

/* Begin PBXBuildFile section */
		619EDD7D2A9628A00055D5C7 /* FalteiApp.swift in Sources */ = {isa = PBXBuildFile; fileRef = 619EDD7C2A9628A00055D5C7 /* FalteiApp.swift */; };
		619EDD7F2A9628A00055D5C7 /* HomeView.swift in Sources */ = {isa = PBXBuildFile; fileRef = 619EDD7E2A9628A00055D5C7 /* HomeView.swift */; };
		619EDD812A9628A20055D5C7 /* Assets.xcassets in Resources */ = {isa = PBXBuildFile; fileRef = 619EDD802A9628A20055D5C7 /* Assets.xcassets */; };
		619EDD842A9628A20055D5C7 /* Preview Assets.xcassets in Resources */ = {isa = PBXBuildFile; fileRef = 619EDD832A9628A20055D5C7 /* Preview Assets.xcassets */; };
		619EDD8B2A962FBB0055D5C7 /* HistoricoView.swift in Sources */ = {isa = PBXBuildFile; fileRef = 619EDD8A2A962FBA0055D5C7 /* HistoricoView.swift */; };
		619EDD8D2A962FD90055D5C7 /* ConfiguracoesView.swift in Sources */ = {isa = PBXBuildFile; fileRef = 619EDD8C2A962FD90055D5C7 /* ConfiguracoesView.swift */; };
		619EDD8F2A963C9B0055D5C7 /* DefaultButton.swift in Sources */ = {isa = PBXBuildFile; fileRef = 619EDD8E2A963C9B0055D5C7 /* DefaultButton.swift */; };
		619EDD912A9647650055D5C7 /* Periodo.swift in Sources */ = {isa = PBXBuildFile; fileRef = 619EDD902A9647650055D5C7 /* Periodo.swift */; };
		619EDD932A9647E40055D5C7 /* Materia.swift in Sources */ = {isa = PBXBuildFile; fileRef = 619EDD922A9647E40055D5C7 /* Materia.swift */; };
		619EDD962A9648C00055D5C7 /* Falta.swift in Sources */ = {isa = PBXBuildFile; fileRef = 619EDD952A9648C00055D5C7 /* Falta.swift */; };
		619EDD982A964EDB0055D5C7 /* MateriaCell.swift in Sources */ = {isa = PBXBuildFile; fileRef = 619EDD972A964EDB0055D5C7 /* MateriaCell.swift */; };
		619EDD9A2A9797250055D5C7 /* NewMateriaCell.swift in Sources */ = {isa = PBXBuildFile; fileRef = 619EDD992A9797250055D5C7 /* NewMateriaCell.swift */; };
		619EDD9C2A980FC20055D5C7 /* NewMateriaView.swift in Sources */ = {isa = PBXBuildFile; fileRef = 619EDD9B2A980FC20055D5C7 /* NewMateriaView.swift */; };
		619EDD9E2A980FCD0055D5C7 /* MateriaView.swift in Sources */ = {isa = PBXBuildFile; fileRef = 619EDD9D2A980FCD0055D5C7 /* MateriaView.swift */; };
		619EDDA02A98D4D80055D5C7 /* FaltasProgressStyle.swift in Sources */ = {isa = PBXBuildFile; fileRef = 619EDD9F2A98D4D80055D5C7 /* FaltasProgressStyle.swift */; };
		619EDDA22A9A9EB00055D5C7 /* View+.swift in Sources */ = {isa = PBXBuildFile; fileRef = 619EDDA12A9A9EB00055D5C7 /* View+.swift */; };
		619EDDA42A9AA8490055D5C7 /* CalendarView.swift in Sources */ = {isa = PBXBuildFile; fileRef = 619EDDA32A9AA8490055D5C7 /* CalendarView.swift */; };
		619EDDA62A9CCB960055D5C7 /* CalendarManager.swift in Sources */ = {isa = PBXBuildFile; fileRef = 619EDDA52A9CCB960055D5C7 /* CalendarManager.swift */; };
		619EDDA92A9CE0E90055D5C7 /* Color+.swift in Sources */ = {isa = PBXBuildFile; fileRef = 619EDDA82A9CE0E90055D5C7 /* Color+.swift */; };
/* End PBXBuildFile section */

/* Begin PBXFileReference section */
		619EDD792A9628A00055D5C7 /* Faltei.app */ = {isa = PBXFileReference; explicitFileType = wrapper.application; includeInIndex = 0; path = Faltei.app; sourceTree = BUILT_PRODUCTS_DIR; };
		619EDD7C2A9628A00055D5C7 /* FalteiApp.swift */ = {isa = PBXFileReference; lastKnownFileType = sourcecode.swift; path = FalteiApp.swift; sourceTree = "<group>"; };
		619EDD7E2A9628A00055D5C7 /* HomeView.swift */ = {isa = PBXFileReference; lastKnownFileType = sourcecode.swift; path = HomeView.swift; sourceTree = "<group>"; };
		619EDD802A9628A20055D5C7 /* Assets.xcassets */ = {isa = PBXFileReference; lastKnownFileType = folder.assetcatalog; path = Assets.xcassets; sourceTree = "<group>"; };
		619EDD832A9628A20055D5C7 /* Preview Assets.xcassets */ = {isa = PBXFileReference; lastKnownFileType = folder.assetcatalog; path = "Preview Assets.xcassets"; sourceTree = "<group>"; };
		619EDD8A2A962FBA0055D5C7 /* HistoricoView.swift */ = {isa = PBXFileReference; lastKnownFileType = sourcecode.swift; path = HistoricoView.swift; sourceTree = "<group>"; };
		619EDD8C2A962FD90055D5C7 /* ConfiguracoesView.swift */ = {isa = PBXFileReference; lastKnownFileType = sourcecode.swift; path = ConfiguracoesView.swift; sourceTree = "<group>"; };
		619EDD8E2A963C9B0055D5C7 /* DefaultButton.swift */ = {isa = PBXFileReference; lastKnownFileType = sourcecode.swift; path = DefaultButton.swift; sourceTree = "<group>"; };
		619EDD902A9647650055D5C7 /* Periodo.swift */ = {isa = PBXFileReference; lastKnownFileType = sourcecode.swift; path = Periodo.swift; sourceTree = "<group>"; };
		619EDD922A9647E40055D5C7 /* Materia.swift */ = {isa = PBXFileReference; lastKnownFileType = sourcecode.swift; path = Materia.swift; sourceTree = "<group>"; };
		619EDD952A9648C00055D5C7 /* Falta.swift */ = {isa = PBXFileReference; lastKnownFileType = sourcecode.swift; path = Falta.swift; sourceTree = "<group>"; };
		619EDD972A964EDB0055D5C7 /* MateriaCell.swift */ = {isa = PBXFileReference; lastKnownFileType = sourcecode.swift; path = MateriaCell.swift; sourceTree = "<group>"; };
		619EDD992A9797250055D5C7 /* NewMateriaCell.swift */ = {isa = PBXFileReference; lastKnownFileType = sourcecode.swift; path = NewMateriaCell.swift; sourceTree = "<group>"; };
		619EDD9B2A980FC20055D5C7 /* NewMateriaView.swift */ = {isa = PBXFileReference; lastKnownFileType = sourcecode.swift; path = NewMateriaView.swift; sourceTree = "<group>"; };
		619EDD9D2A980FCD0055D5C7 /* MateriaView.swift */ = {isa = PBXFileReference; lastKnownFileType = sourcecode.swift; path = MateriaView.swift; sourceTree = "<group>"; };
		619EDD9F2A98D4D80055D5C7 /* FaltasProgressStyle.swift */ = {isa = PBXFileReference; lastKnownFileType = sourcecode.swift; path = FaltasProgressStyle.swift; sourceTree = "<group>"; };
		619EDDA12A9A9EB00055D5C7 /* View+.swift */ = {isa = PBXFileReference; lastKnownFileType = sourcecode.swift; path = "View+.swift"; sourceTree = "<group>"; };
		619EDDA32A9AA8490055D5C7 /* CalendarView.swift */ = {isa = PBXFileReference; lastKnownFileType = sourcecode.swift; path = CalendarView.swift; sourceTree = "<group>"; };
		619EDDA52A9CCB960055D5C7 /* CalendarManager.swift */ = {isa = PBXFileReference; lastKnownFileType = sourcecode.swift; path = CalendarManager.swift; sourceTree = "<group>"; };
		619EDDA82A9CE0E90055D5C7 /* Color+.swift */ = {isa = PBXFileReference; lastKnownFileType = sourcecode.swift; path = "Color+.swift"; sourceTree = "<group>"; };
/* End PBXFileReference section */

/* Begin PBXFrameworksBuildPhase section */
		619EDD762A9628A00055D5C7 /* Frameworks */ = {
			isa = PBXFrameworksBuildPhase;
			buildActionMask = 2147483647;
			files = (
			);
			runOnlyForDeploymentPostprocessing = 0;
		};
/* End PBXFrameworksBuildPhase section */

/* Begin PBXGroup section */
		619EDD702A9628A00055D5C7 = {
			isa = PBXGroup;
			children = (
				619EDD7B2A9628A00055D5C7 /* Faltei */,
				619EDD7A2A9628A00055D5C7 /* Products */,
			);
			sourceTree = "<group>";
		};
		619EDD7A2A9628A00055D5C7 /* Products */ = {
			isa = PBXGroup;
			children = (
				619EDD792A9628A00055D5C7 /* Faltei.app */,
			);
			name = Products;
			sourceTree = "<group>";
		};
		619EDD7B2A9628A00055D5C7 /* Faltei */ = {
			isa = PBXGroup;
			children = (
				619EDDA72A9CE0D50055D5C7 /* Extensions */,
				619EDD942A96489A0055D5C7 /* Models */,
				619EDD8E2A963C9B0055D5C7 /* DefaultButton.swift */,
				619EDD8A2A962FBA0055D5C7 /* HistoricoView.swift */,
				619EDD7C2A9628A00055D5C7 /* FalteiApp.swift */,
				619EDD7E2A9628A00055D5C7 /* HomeView.swift */,
				619EDD9F2A98D4D80055D5C7 /* FaltasProgressStyle.swift */,
				619EDD8C2A962FD90055D5C7 /* ConfiguracoesView.swift */,
				619EDD972A964EDB0055D5C7 /* MateriaCell.swift */,
				619EDD992A9797250055D5C7 /* NewMateriaCell.swift */,
				619EDD9B2A980FC20055D5C7 /* NewMateriaView.swift */,
				619EDD9D2A980FCD0055D5C7 /* MateriaView.swift */,
				619EDDA32A9AA8490055D5C7 /* CalendarView.swift */,
				619EDDA52A9CCB960055D5C7 /* CalendarManager.swift */,
				619EDD802A9628A20055D5C7 /* Assets.xcassets */,
				619EDD822A9628A20055D5C7 /* Preview Content */,
			);
			path = Faltei;
			sourceTree = "<group>";
		};
		619EDD822A9628A20055D5C7 /* Preview Content */ = {
			isa = PBXGroup;
			children = (
				619EDD832A9628A20055D5C7 /* Preview Assets.xcassets */,
			);
			path = "Preview Content";
			sourceTree = "<group>";
		};
		619EDD942A96489A0055D5C7 /* Models */ = {
			isa = PBXGroup;
			children = (
				619EDD922A9647E40055D5C7 /* Materia.swift */,
				619EDD902A9647650055D5C7 /* Periodo.swift */,
				619EDD952A9648C00055D5C7 /* Falta.swift */,
			);
			path = Models;
			sourceTree = "<group>";
		};
		619EDDA72A9CE0D50055D5C7 /* Extensions */ = {
			isa = PBXGroup;
			children = (
				619EDDA12A9A9EB00055D5C7 /* View+.swift */,
				619EDDA82A9CE0E90055D5C7 /* Color+.swift */,
			);
			path = Extensions;
			sourceTree = "<group>";
		};
/* End PBXGroup section */

/* Begin PBXNativeTarget section */
		619EDD782A9628A00055D5C7 /* Faltei */ = {
			isa = PBXNativeTarget;
			buildConfigurationList = 619EDD872A9628A20055D5C7 /* Build configuration list for PBXNativeTarget "Faltei" */;
			buildPhases = (
				619EDD752A9628A00055D5C7 /* Sources */,
				619EDD762A9628A00055D5C7 /* Frameworks */,
				619EDD772A9628A00055D5C7 /* Resources */,
			);
			buildRules = (
			);
			dependencies = (
			);
			name = Faltei;
			productName = Faltei;
			productReference = 619EDD792A9628A00055D5C7 /* Faltei.app */;
			productType = "com.apple.product-type.application";
		};
/* End PBXNativeTarget section */

/* Begin PBXProject section */
		619EDD712A9628A00055D5C7 /* Project object */ = {
			isa = PBXProject;
			attributes = {
				BuildIndependentTargetsInParallel = 1;
				LastSwiftUpdateCheck = 1430;
				LastUpgradeCheck = 1430;
				TargetAttributes = {
					619EDD782A9628A00055D5C7 = {
						CreatedOnToolsVersion = 14.3.1;
					};
				};
			};
			buildConfigurationList = 619EDD742A9628A00055D5C7 /* Build configuration list for PBXProject "Faltei" */;
			compatibilityVersion = "Xcode 14.0";
			developmentRegion = en;
			hasScannedForEncodings = 0;
			knownRegions = (
				en,
				Base,
			);
			mainGroup = 619EDD702A9628A00055D5C7;
			productRefGroup = 619EDD7A2A9628A00055D5C7 /* Products */;
			projectDirPath = "";
			projectRoot = "";
			targets = (
				619EDD782A9628A00055D5C7 /* Faltei */,
			);
		};
/* End PBXProject section */

/* Begin PBXResourcesBuildPhase section */
		619EDD772A9628A00055D5C7 /* Resources */ = {
			isa = PBXResourcesBuildPhase;
			buildActionMask = 2147483647;
			files = (
				619EDD842A9628A20055D5C7 /* Preview Assets.xcassets in Resources */,
				619EDD812A9628A20055D5C7 /* Assets.xcassets in Resources */,
			);
			runOnlyForDeploymentPostprocessing = 0;
		};
/* End PBXResourcesBuildPhase section */

/* Begin PBXSourcesBuildPhase section */
		619EDD752A9628A00055D5C7 /* Sources */ = {
			isa = PBXSourcesBuildPhase;
			buildActionMask = 2147483647;
			files = (
				619EDD8F2A963C9B0055D5C7 /* DefaultButton.swift in Sources */,
				619EDDA02A98D4D80055D5C7 /* FaltasProgressStyle.swift in Sources */,
				619EDD7F2A9628A00055D5C7 /* HomeView.swift in Sources */,
				619EDDA92A9CE0E90055D5C7 /* Color+.swift in Sources */,
				619EDD8D2A962FD90055D5C7 /* ConfiguracoesView.swift in Sources */,
				619EDDA42A9AA8490055D5C7 /* CalendarView.swift in Sources */,
				619EDDA22A9A9EB00055D5C7 /* View+.swift in Sources */,
				619EDD8B2A962FBB0055D5C7 /* HistoricoView.swift in Sources */,
				619EDD9A2A9797250055D5C7 /* NewMateriaCell.swift in Sources */,
				619EDD932A9647E40055D5C7 /* Materia.swift in Sources */,
				619EDD9C2A980FC20055D5C7 /* NewMateriaView.swift in Sources */,
				619EDD912A9647650055D5C7 /* Periodo.swift in Sources */,
				619EDD982A964EDB0055D5C7 /* MateriaCell.swift in Sources */,
				619EDD962A9648C00055D5C7 /* Falta.swift in Sources */,
				619EDD9E2A980FCD0055D5C7 /* MateriaView.swift in Sources */,
				619EDDA62A9CCB960055D5C7 /* CalendarManager.swift in Sources */,
				619EDD7D2A9628A00055D5C7 /* FalteiApp.swift in Sources */,
			);
			runOnlyForDeploymentPostprocessing = 0;
		};
/* End PBXSourcesBuildPhase section */

/* Begin XCBuildConfiguration section */
		619EDD852A9628A20055D5C7 /* Debug */ = {
			isa = XCBuildConfiguration;
			buildSettings = {
				ALWAYS_SEARCH_USER_PATHS = NO;
				CLANG_ANALYZER_NONNULL = YES;
				CLANG_ANALYZER_NUMBER_OBJECT_CONVERSION = YES_AGGRESSIVE;
				CLANG_CXX_LANGUAGE_STANDARD = "gnu++20";
				CLANG_ENABLE_MODULES = YES;
				CLANG_ENABLE_OBJC_ARC = YES;
				CLANG_ENABLE_OBJC_WEAK = YES;
				CLANG_WARN_BLOCK_CAPTURE_AUTORELEASING = YES;
				CLANG_WARN_BOOL_CONVERSION = YES;
				CLANG_WARN_COMMA = YES;
				CLANG_WARN_CONSTANT_CONVERSION = YES;
				CLANG_WARN_DEPRECATED_OBJC_IMPLEMENTATIONS = YES;
				CLANG_WARN_DIRECT_OBJC_ISA_USAGE = YES_ERROR;
				CLANG_WARN_DOCUMENTATION_COMMENTS = YES;
				CLANG_WARN_EMPTY_BODY = YES;
				CLANG_WARN_ENUM_CONVERSION = YES;
				CLANG_WARN_INFINITE_RECURSION = YES;
				CLANG_WARN_INT_CONVERSION = YES;
				CLANG_WARN_NON_LITERAL_NULL_CONVERSION = YES;
				CLANG_WARN_OBJC_IMPLICIT_RETAIN_SELF = YES;
				CLANG_WARN_OBJC_LITERAL_CONVERSION = YES;
				CLANG_WARN_OBJC_ROOT_CLASS = YES_ERROR;
				CLANG_WARN_QUOTED_INCLUDE_IN_FRAMEWORK_HEADER = YES;
				CLANG_WARN_RANGE_LOOP_ANALYSIS = YES;
				CLANG_WARN_STRICT_PROTOTYPES = YES;
				CLANG_WARN_SUSPICIOUS_MOVE = YES;
				CLANG_WARN_UNGUARDED_AVAILABILITY = YES_AGGRESSIVE;
				CLANG_WARN_UNREACHABLE_CODE = YES;
				CLANG_WARN__DUPLICATE_METHOD_MATCH = YES;
				COPY_PHASE_STRIP = NO;
				DEBUG_INFORMATION_FORMAT = dwarf;
				ENABLE_STRICT_OBJC_MSGSEND = YES;
				ENABLE_TESTABILITY = YES;
				GCC_C_LANGUAGE_STANDARD = gnu11;
				GCC_DYNAMIC_NO_PIC = NO;
				GCC_NO_COMMON_BLOCKS = YES;
				GCC_OPTIMIZATION_LEVEL = 0;
				GCC_PREPROCESSOR_DEFINITIONS = (
					"DEBUG=1",
					"$(inherited)",
				);
				GCC_WARN_64_TO_32_BIT_CONVERSION = YES;
				GCC_WARN_ABOUT_RETURN_TYPE = YES_ERROR;
				GCC_WARN_UNDECLARED_SELECTOR = YES;
				GCC_WARN_UNINITIALIZED_AUTOS = YES_AGGRESSIVE;
				GCC_WARN_UNUSED_FUNCTION = YES;
				GCC_WARN_UNUSED_VARIABLE = YES;
				IPHONEOS_DEPLOYMENT_TARGET = 16.4;
				MTL_ENABLE_DEBUG_INFO = INCLUDE_SOURCE;
				MTL_FAST_MATH = YES;
				ONLY_ACTIVE_ARCH = YES;
				SDKROOT = iphoneos;
				SWIFT_ACTIVE_COMPILATION_CONDITIONS = DEBUG;
				SWIFT_OPTIMIZATION_LEVEL = "-Onone";
			};
			name = Debug;
		};
		619EDD862A9628A20055D5C7 /* Release */ = {
			isa = XCBuildConfiguration;
			buildSettings = {
				ALWAYS_SEARCH_USER_PATHS = NO;
				CLANG_ANALYZER_NONNULL = YES;
				CLANG_ANALYZER_NUMBER_OBJECT_CONVERSION = YES_AGGRESSIVE;
				CLANG_CXX_LANGUAGE_STANDARD = "gnu++20";
				CLANG_ENABLE_MODULES = YES;
				CLANG_ENABLE_OBJC_ARC = YES;
				CLANG_ENABLE_OBJC_WEAK = YES;
				CLANG_WARN_BLOCK_CAPTURE_AUTORELEASING = YES;
				CLANG_WARN_BOOL_CONVERSION = YES;
				CLANG_WARN_COMMA = YES;
				CLANG_WARN_CONSTANT_CONVERSION = YES;
				CLANG_WARN_DEPRECATED_OBJC_IMPLEMENTATIONS = YES;
				CLANG_WARN_DIRECT_OBJC_ISA_USAGE = YES_ERROR;
				CLANG_WARN_DOCUMENTATION_COMMENTS = YES;
				CLANG_WARN_EMPTY_BODY = YES;
				CLANG_WARN_ENUM_CONVERSION = YES;
				CLANG_WARN_INFINITE_RECURSION = YES;
				CLANG_WARN_INT_CONVERSION = YES;
				CLANG_WARN_NON_LITERAL_NULL_CONVERSION = YES;
				CLANG_WARN_OBJC_IMPLICIT_RETAIN_SELF = YES;
				CLANG_WARN_OBJC_LITERAL_CONVERSION = YES;
				CLANG_WARN_OBJC_ROOT_CLASS = YES_ERROR;
				CLANG_WARN_QUOTED_INCLUDE_IN_FRAMEWORK_HEADER = YES;
				CLANG_WARN_RANGE_LOOP_ANALYSIS = YES;
				CLANG_WARN_STRICT_PROTOTYPES = YES;
				CLANG_WARN_SUSPICIOUS_MOVE = YES;
				CLANG_WARN_UNGUARDED_AVAILABILITY = YES_AGGRESSIVE;
				CLANG_WARN_UNREACHABLE_CODE = YES;
				CLANG_WARN__DUPLICATE_METHOD_MATCH = YES;
				COPY_PHASE_STRIP = NO;
				DEBUG_INFORMATION_FORMAT = "dwarf-with-dsym";
				ENABLE_NS_ASSERTIONS = NO;
				ENABLE_STRICT_OBJC_MSGSEND = YES;
				GCC_C_LANGUAGE_STANDARD = gnu11;
				GCC_NO_COMMON_BLOCKS = YES;
				GCC_WARN_64_TO_32_BIT_CONVERSION = YES;
				GCC_WARN_ABOUT_RETURN_TYPE = YES_ERROR;
				GCC_WARN_UNDECLARED_SELECTOR = YES;
				GCC_WARN_UNINITIALIZED_AUTOS = YES_AGGRESSIVE;
				GCC_WARN_UNUSED_FUNCTION = YES;
				GCC_WARN_UNUSED_VARIABLE = YES;
				IPHONEOS_DEPLOYMENT_TARGET = 16.4;
				MTL_ENABLE_DEBUG_INFO = NO;
				MTL_FAST_MATH = YES;
				SDKROOT = iphoneos;
				SWIFT_COMPILATION_MODE = wholemodule;
				SWIFT_OPTIMIZATION_LEVEL = "-O";
				VALIDATE_PRODUCT = YES;
			};
			name = Release;
		};
		619EDD882A9628A20055D5C7 /* Debug */ = {
			isa = XCBuildConfiguration;
			buildSettings = {
				ASSETCATALOG_COMPILER_APPICON_NAME = AppIcon;
				ASSETCATALOG_COMPILER_GLOBAL_ACCENT_COLOR_NAME = AccentColor;
				CODE_SIGN_STYLE = Automatic;
				CURRENT_PROJECT_VERSION = 1;
				DEVELOPMENT_ASSET_PATHS = "\"Faltei/Preview Content\"";
				DEVELOPMENT_TEAM = 46LT924HJ5;
				ENABLE_PREVIEWS = YES;
				GENERATE_INFOPLIST_FILE = YES;
				INFOPLIST_KEY_UIApplicationSceneManifest_Generation = YES;
				INFOPLIST_KEY_UIApplicationSupportsIndirectInputEvents = YES;
				INFOPLIST_KEY_UILaunchScreen_Generation = YES;
				INFOPLIST_KEY_UISupportedInterfaceOrientations_iPad = "UIInterfaceOrientationPortrait UIInterfaceOrientationPortraitUpsideDown UIInterfaceOrientationLandscapeLeft UIInterfaceOrientationLandscapeRight";
				INFOPLIST_KEY_UISupportedInterfaceOrientations_iPhone = "UIInterfaceOrientationPortrait UIInterfaceOrientationLandscapeLeft UIInterfaceOrientationLandscapeRight";
				LD_RUNPATH_SEARCH_PATHS = (
					"$(inherited)",
					"@executable_path/Frameworks",
				);
				MARKETING_VERSION = 1.0;
				PRODUCT_BUNDLE_IDENTIFIER = andre.Faltei;
				PRODUCT_NAME = "$(TARGET_NAME)";
				SWIFT_EMIT_LOC_STRINGS = YES;
				SWIFT_VERSION = 5.0;
				TARGETED_DEVICE_FAMILY = "1,2";
			};
			name = Debug;
		};
		619EDD892A9628A20055D5C7 /* Release */ = {
			isa = XCBuildConfiguration;
			buildSettings = {
				ASSETCATALOG_COMPILER_APPICON_NAME = AppIcon;
				ASSETCATALOG_COMPILER_GLOBAL_ACCENT_COLOR_NAME = AccentColor;
				CODE_SIGN_STYLE = Automatic;
				CURRENT_PROJECT_VERSION = 1;
				DEVELOPMENT_ASSET_PATHS = "\"Faltei/Preview Content\"";
				DEVELOPMENT_TEAM = 46LT924HJ5;
				ENABLE_PREVIEWS = YES;
				GENERATE_INFOPLIST_FILE = YES;
				INFOPLIST_KEY_UIApplicationSceneManifest_Generation = YES;
				INFOPLIST_KEY_UIApplicationSupportsIndirectInputEvents = YES;
				INFOPLIST_KEY_UILaunchScreen_Generation = YES;
				INFOPLIST_KEY_UISupportedInterfaceOrientations_iPad = "UIInterfaceOrientationPortrait UIInterfaceOrientationPortraitUpsideDown UIInterfaceOrientationLandscapeLeft UIInterfaceOrientationLandscapeRight";
				INFOPLIST_KEY_UISupportedInterfaceOrientations_iPhone = "UIInterfaceOrientationPortrait UIInterfaceOrientationLandscapeLeft UIInterfaceOrientationLandscapeRight";
				LD_RUNPATH_SEARCH_PATHS = (
					"$(inherited)",
					"@executable_path/Frameworks",
				);
				MARKETING_VERSION = 1.0;
				PRODUCT_BUNDLE_IDENTIFIER = andre.Faltei;
				PRODUCT_NAME = "$(TARGET_NAME)";
				SWIFT_EMIT_LOC_STRINGS = YES;
				SWIFT_VERSION = 5.0;
				TARGETED_DEVICE_FAMILY = "1,2";
			};
			name = Release;
		};
/* End XCBuildConfiguration section */

/* Begin XCConfigurationList section */
		619EDD742A9628A00055D5C7 /* Build configuration list for PBXProject "Faltei" */ = {
			isa = XCConfigurationList;
			buildConfigurations = (
				619EDD852A9628A20055D5C7 /* Debug */,
				619EDD862A9628A20055D5C7 /* Release */,
			);
			defaultConfigurationIsVisible = 0;
			defaultConfigurationName = Release;
		};
		619EDD872A9628A20055D5C7 /* Build configuration list for PBXNativeTarget "Faltei" */ = {
			isa = XCConfigurationList;
			buildConfigurations = (
				619EDD882A9628A20055D5C7 /* Debug */,
				619EDD892A9628A20055D5C7 /* Release */,
			);
			defaultConfigurationIsVisible = 0;
			defaultConfigurationName = Release;
		};
/* End XCConfigurationList section */
	};
	rootObject = 619EDD712A9628A00055D5C7 /* Project object */;
}
